
Microsoft Visual Studio Solution File, Format Version 12.00
# Visual Studio 2013
VisualStudioVersion = 12.0.31101.0
MinimumVisualStudioVersion = 10.0.40219.1
Project("{FAE04EC0-301F-11D3-BF4B-00C04F79EFBC}") = "Prototype", "Prototype\Prototype.csproj", "{1F77C6DE-A37B-4F94-A8FD-40B3E0D8F1B9}"
EndProject
Project("{2150E333-8FDC-42A3-9474-1A3956D46DE8}") = "Common", "Common", "{1BC0EBFF-2BA0-40FA-8151-358878BA2E58}"
EndProject
Project("{2150E333-8FDC-42A3-9474-1A3956D46DE8}") = "Business Entities", "Business Entities", "{01240038-09AE-422B-BF1B-0CD2D7F32199}"
EndProject
Project("{2150E333-8FDC-42A3-9474-1A3956D46DE8}") = "Facade", "Facade", "{FDDBDB43-8C79-4A90-95DB-4BD8B719C793}"
EndProject
Project("{2150E333-8FDC-42A3-9474-1A3956D46DE8}") = "Library", "Library", "{1F19BE6C-1701-4257-BA90-04341E7E2C3B}"
EndProject
Project("{2150E333-8FDC-42A3-9474-1A3956D46DE8}") = "Framework", "Framework", "{63CE89C4-02E3-4C1C-B72E-4703EF342C41}"
EndProject
Project("{2150E333-8FDC-42A3-9474-1A3956D46DE8}") = "Host", "Host", "{BA9AE2C4-2F4F-4AA2-A0C2-2C0654B4F005}"
EndProject
Project("{2150E333-8FDC-42A3-9474-1A3956D46DE8}") = "Services", "Services", "{F9029717-5D63-4778-8883-C455D22B1673}"
EndProject
Project("{2150E333-8FDC-42A3-9474-1A3956D46DE8}") = "Test", "Test", "{C128DFB0-3348-4FD7-8481-5820024AC2B2}"
EndProject
Project("{2150E333-8FDC-42A3-9474-1A3956D46DE8}") = "Demo", "Demo", "{2CC26ED1-7F3F-4A17-A1AB-BAEC657E4788}"
EndProject
Project("{FAE04EC0-301F-11D3-BF4B-00C04F79EFBC}") = "Facade", "Facade\Facade.csproj", "{98BDBE66-CB20-42D7-8C54-D1C5AD3B1C44}"
EndProject
Project("{FAE04EC0-301F-11D3-BF4B-00C04F79EFBC}") = "ServiceStackDemo", "ServiceStackDemo\ServiceStackDemo.csproj", "{304D74C8-B37B-42DC-A034-AFF77B02FB93}"
EndProject
Project("{2150E333-8FDC-42A3-9474-1A3956D46DE8}") = "Exe", "Exe", "{DD1F8343-A142-4CD8-9637-4B602D6EA8E5}"
EndProject
Project("{FAE04EC0-301F-11D3-BF4B-00C04F79EFBC}") = "Tanque", "Tanque\Tanque.csproj", "{B43B073B-D7A8-4DE7-84FA-BBC053D1CABC}"
EndProject
Project("{2150E333-8FDC-42A3-9474-1A3956D46DE8}") = "Controls", "Controls", "{5BB1F20F-B18E-4B74-B4C0-65955BB08679}"
EndProject
Project("{FAE04EC0-301F-11D3-BF4B-00C04F79EFBC}") = "Controls", "Controls\Controls.csproj", "{3B06CA89-6BA1-459E-832D-AA4ED1B7148A}"
EndProject
Global
	GlobalSection(SolutionConfigurationPlatforms) = preSolution
		Debug|Any CPU = Debug|Any CPU
		Release|Any CPU = Release|Any CPU
	EndGlobalSection
	GlobalSection(ProjectConfigurationPlatforms) = postSolution
		{1F77C6DE-A37B-4F94-A8FD-40B3E0D8F1B9}.Debug|Any CPU.ActiveCfg = Debug|Any CPU
		{1F77C6DE-A37B-4F94-A8FD-40B3E0D8F1B9}.Debug|Any CPU.Build.0 = Debug|Any CPU
		{1F77C6DE-A37B-4F94-A8FD-40B3E0D8F1B9}.Release|Any CPU.ActiveCfg = Release|Any CPU
		{1F77C6DE-A37B-4F94-A8FD-40B3E0D8F1B9}.Release|Any CPU.Build.0 = Release|Any CPU
		{98BDBE66-CB20-42D7-8C54-D1C5AD3B1C44}.Debug|Any CPU.ActiveCfg = Debug|Any CPU
		{98BDBE66-CB20-42D7-8C54-D1C5AD3B1C44}.Debug|Any CPU.Build.0 = Debug|Any CPU
		{98BDBE66-CB20-42D7-8C54-D1C5AD3B1C44}.Release|Any CPU.ActiveCfg = Release|Any CPU
		{98BDBE66-CB20-42D7-8C54-D1C5AD3B1C44}.Release|Any CPU.Build.0 = Release|Any CPU
		{304D74C8-B37B-42DC-A034-AFF77B02FB93}.Debug|Any CPU.ActiveCfg = Debug|Any CPU
		{304D74C8-B37B-42DC-A034-AFF77B02FB93}.Debug|Any CPU.Build.0 = Debug|Any CPU
		{304D74C8-B37B-42DC-A034-AFF77B02FB93}.Release|Any CPU.ActiveCfg = Release|Any CPU
		{304D74C8-B37B-42DC-A034-AFF77B02FB93}.Release|Any CPU.Build.0 = Release|Any CPU
		{B43B073B-D7A8-4DE7-84FA-BBC053D1CABC}.Debug|Any CPU.ActiveCfg = Debug|Any CPU
		{B43B073B-D7A8-4DE7-84FA-BBC053D1CABC}.Debug|Any CPU.Build.0 = Debug|Any CPU
		{B43B073B-D7A8-4DE7-84FA-BBC053D1CABC}.Release|Any CPU.ActiveCfg = Release|Any CPU
		{B43B073B-D7A8-4DE7-84FA-BBC053D1CABC}.Release|Any CPU.Build.0 = Release|Any CPU
		{3B06CA89-6BA1-459E-832D-AA4ED1B7148A}.Debug|Any CPU.ActiveCfg = Debug|Any CPU
		{3B06CA89-6BA1-459E-832D-AA4ED1B7148A}.Debug|Any CPU.Build.0 = Debug|Any CPU
		{3B06CA89-6BA1-459E-832D-AA4ED1B7148A}.Release|Any CPU.ActiveCfg = Release|Any CPU
		{3B06CA89-6BA1-459E-832D-AA4ED1B7148A}.Release|Any CPU.Build.0 = Release|Any CPU
	EndGlobalSection
	GlobalSection(SolutionProperties) = preSolution
		HideSolutionNode = FALSE
	EndGlobalSection
	GlobalSection(NestedProjects) = preSolution
		{1F77C6DE-A37B-4F94-A8FD-40B3E0D8F1B9} = {2CC26ED1-7F3F-4A17-A1AB-BAEC657E4788}
		{98BDBE66-CB20-42D7-8C54-D1C5AD3B1C44} = {FDDBDB43-8C79-4A90-95DB-4BD8B719C793}
		{304D74C8-B37B-42DC-A034-AFF77B02FB93} = {2CC26ED1-7F3F-4A17-A1AB-BAEC657E4788}
		{B43B073B-D7A8-4DE7-84FA-BBC053D1CABC} = {DD1F8343-A142-4CD8-9637-4B602D6EA8E5}
		{3B06CA89-6BA1-459E-832D-AA4ED1B7148A} = {5BB1F20F-B18E-4B74-B4C0-65955BB08679}
	EndGlobalSection
EndGlobal
